// !$*UTF8*$!
{
	archiveVersion = 1;
	classes = {
	};
	objectVersion = 46;
	objects = {

/* Begin PBXBuildFile section */
		F41CFC48151E358A00B29FCE /* UIKit.framework in Frameworks */ = {isa = PBXBuildFile; fileRef = F41CFC47151E358A00B29FCE /* UIKit.framework */; };
		F41CFC4A151E358A00B29FCE /* Foundation.framework in Frameworks */ = {isa = PBXBuildFile; fileRef = F41CFC49151E358A00B29FCE /* Foundation.framework */; };
		F41CFC4C151E358A00B29FCE /* CoreGraphics.framework in Frameworks */ = {isa = PBXBuildFile; fileRef = F41CFC4B151E358A00B29FCE /* CoreGraphics.framework */; };
		F41CFC52151E358A00B29FCE /* InfoPlist.strings in Resources */ = {isa = PBXBuildFile; fileRef = F41CFC50151E358A00B29FCE /* InfoPlist.strings */; };
		F41CFC54151E358A00B29FCE /* main.m in Sources */ = {isa = PBXBuildFile; fileRef = F41CFC53151E358A00B29FCE /* main.m */; };
		F41CFC58151E358A00B29FCE /* SBAppDelegate.m in Sources */ = {isa = PBXBuildFile; fileRef = F41CFC57151E358A00B29FCE /* SBAppDelegate.m */; };
		F41CFC72151E364900B29FCE /* SBFoundation.framework in Frameworks */ = {isa = PBXBuildFile; fileRef = F41CFC71151E364900B29FCE /* SBFoundation.framework */; };
		F41CFC76151E3C2200B29FCE /* SBMain.xib in Resources */ = {isa = PBXBuildFile; fileRef = F41CFC75151E3C2200B29FCE /* SBMain.xib */; };
		F41CFC7C151E3D0700B29FCE /* SBDemoViewController.m in Sources */ = {isa = PBXBuildFile; fileRef = F41CFC7B151E3D0700B29FCE /* SBDemoViewController.m */; };
/* End PBXBuildFile section */

/* Begin PBXFileReference section */
		F41CFC43151E358A00B29FCE /* SBFoundationDemo.app */ = {isa = PBXFileReference; explicitFileType = wrapper.application; includeInIndex = 0; path = SBFoundationDemo.app; sourceTree = BUILT_PRODUCTS_DIR; };
		F41CFC47151E358A00B29FCE /* UIKit.framework */ = {isa = PBXFileReference; lastKnownFileType = wrapper.framework; name = UIKit.framework; path = System/Library/Frameworks/UIKit.framework; sourceTree = SDKROOT; };
		F41CFC49151E358A00B29FCE /* Foundation.framework */ = {isa = PBXFileReference; lastKnownFileType = wrapper.framework; name = Foundation.framework; path = System/Library/Frameworks/Foundation.framework; sourceTree = SDKROOT; };
		F41CFC4B151E358A00B29FCE /* CoreGraphics.framework */ = {isa = PBXFileReference; lastKnownFileType = wrapper.framework; name = CoreGraphics.framework; path = System/Library/Frameworks/CoreGraphics.framework; sourceTree = SDKROOT; };
		F41CFC4F151E358A00B29FCE /* SBFoundationDemo-Info.plist */ = {isa = PBXFileReference; lastKnownFileType = text.plist.xml; path = "SBFoundationDemo-Info.plist"; sourceTree = "<group>"; };
		F41CFC51151E358A00B29FCE /* en */ = {isa = PBXFileReference; lastKnownFileType = text.plist.strings; name = en; path = en.lproj/InfoPlist.strings; sourceTree = "<group>"; };
		F41CFC53151E358A00B29FCE /* main.m */ = {isa = PBXFileReference; lastKnownFileType = sourcecode.c.objc; path = main.m; sourceTree = "<group>"; };
		F41CFC55151E358A00B29FCE /* SBFoundationDemo-Prefix.pch */ = {isa = PBXFileReference; lastKnownFileType = sourcecode.c.h; path = "SBFoundationDemo-Prefix.pch"; sourceTree = "<group>"; };
		F41CFC56151E358A00B29FCE /* SBAppDelegate.h */ = {isa = PBXFileReference; lastKnownFileType = sourcecode.c.h; path = SBAppDelegate.h; sourceTree = "<group>"; };
		F41CFC57151E358A00B29FCE /* SBAppDelegate.m */ = {isa = PBXFileReference; lastKnownFileType = sourcecode.c.objc; path = SBAppDelegate.m; sourceTree = "<group>"; };
		F41CFC71151E364900B29FCE /* SBFoundation.framework */ = {isa = PBXFileReference; lastKnownFileType = wrapper.framework; name = SBFoundation.framework; path = "../../../Library/Developer/Xcode/DerivedData/SBFoundation-bdxmzqzuloilgfhesfxwsvxbstkg/Build/Products/Debug-iphoneos/SBFoundation.framework"; sourceTree = "<group>"; };
		F41CFC75151E3C2200B29FCE /* SBMain.xib */ = {isa = PBXFileReference; fileEncoding = 4; lastKnownFileType = file.xib; path = SBMain.xib; sourceTree = "<group>"; };
		F41CFC7A151E3D0700B29FCE /* SBDemoViewController.h */ = {isa = PBXFileReference; fileEncoding = 4; lastKnownFileType = sourcecode.c.h; path = SBDemoViewController.h; sourceTree = "<group>"; };
		F41CFC7B151E3D0700B29FCE /* SBDemoViewController.m */ = {isa = PBXFileReference; fileEncoding = 4; lastKnownFileType = sourcecode.c.objc; path = SBDemoViewController.m; sourceTree = "<group>"; };
/* End PBXFileReference section */

/* Begin PBXFrameworksBuildPhase section */
		F41CFC40151E358A00B29FCE /* Frameworks */ = {
			isa = PBXFrameworksBuildPhase;
			buildActionMask = 2147483647;
			files = (
				F41CFC72151E364900B29FCE /* SBFoundation.framework in Frameworks */,
				F41CFC48151E358A00B29FCE /* UIKit.framework in Frameworks */,
				F41CFC4A151E358A00B29FCE /* Foundation.framework in Frameworks */,
				F41CFC4C151E358A00B29FCE /* CoreGraphics.framework in Frameworks */,
			);
			runOnlyForDeploymentPostprocessing = 0;
		};
/* End PBXFrameworksBuildPhase section */

/* Begin PBXGroup section */
		F41CFC38151E358A00B29FCE = {
			isa = PBXGroup;
			children = (
				F41CFC71151E364900B29FCE /* SBFoundation.framework */,
				F41CFC4D151E358A00B29FCE /* SBFoundationDemo */,
				F41CFC46151E358A00B29FCE /* Frameworks */,
				F41CFC44151E358A00B29FCE /* Products */,
			);
			sourceTree = "<group>";
		};
		F41CFC44151E358A00B29FCE /* Products */ = {
			isa = PBXGroup;
			children = (
				F41CFC43151E358A00B29FCE /* SBFoundationDemo.app */,
			);
			name = Products;
			sourceTree = "<group>";
		};
		F41CFC46151E358A00B29FCE /* Frameworks */ = {
			isa = PBXGroup;
			children = (
				F41CFC47151E358A00B29FCE /* UIKit.framework */,
				F41CFC49151E358A00B29FCE /* Foundation.framework */,
				F41CFC4B151E358A00B29FCE /* CoreGraphics.framework */,
			);
			name = Frameworks;
			sourceTree = "<group>";
		};
		F41CFC4D151E358A00B29FCE /* SBFoundationDemo */ = {
			isa = PBXGroup;
			children = (
				F41CFC75151E3C2200B29FCE /* SBMain.xib */,
				F41CFC56151E358A00B29FCE /* SBAppDelegate.h */,
				F41CFC57151E358A00B29FCE /* SBAppDelegate.m */,
				F41CFC4E151E358A00B29FCE /* Supporting Files */,
				F41CFC79151E3CDD00B29FCE /* ViewControllers */,
				F41CFC7D151E3D8700B29FCE /* Views */,
			);
			path = SBFoundationDemo;
			sourceTree = "<group>";
		};
		F41CFC4E151E358A00B29FCE /* Supporting Files */ = {
			isa = PBXGroup;
			children = (
				F41CFC4F151E358A00B29FCE /* SBFoundationDemo-Info.plist */,
				F41CFC50151E358A00B29FCE /* InfoPlist.strings */,
				F41CFC53151E358A00B29FCE /* main.m */,
				F41CFC55151E358A00B29FCE /* SBFoundationDemo-Prefix.pch */,
			);
			name = "Supporting Files";
			sourceTree = "<group>";
		};
		F41CFC79151E3CDD00B29FCE /* ViewControllers */ = {
			isa = PBXGroup;
			children = (
				F41CFC7A151E3D0700B29FCE /* SBDemoViewController.h */,
				F41CFC7B151E3D0700B29FCE /* SBDemoViewController.m */,
			);
			path = ViewControllers;
			sourceTree = "<group>";
		};
		F41CFC7D151E3D8700B29FCE /* Views */ = {
			isa = PBXGroup;
			children = (
			);
			path = Views;
			sourceTree = "<group>";
		};
/* End PBXGroup section */

/* Begin PBXNativeTarget section */
		F41CFC42151E358A00B29FCE /* SBFoundationDemo */ = {
			isa = PBXNativeTarget;
			buildConfigurationList = F41CFC5B151E358A00B29FCE /* Build configuration list for PBXNativeTarget "SBFoundationDemo" */;
			buildPhases = (
				F41CFC3F151E358A00B29FCE /* Sources */,
				F41CFC40151E358A00B29FCE /* Frameworks */,
				F41CFC41151E358A00B29FCE /* Resources */,
			);
			buildRules = (
			);
			dependencies = (
			);
			name = SBFoundationDemo;
			productName = SBFoundationDemo;
			productReference = F41CFC43151E358A00B29FCE /* SBFoundationDemo.app */;
			productType = "com.apple.product-type.application";
		};
/* End PBXNativeTarget section */

/* Begin PBXProject section */
		F41CFC3A151E358A00B29FCE /* Project object */ = {
			isa = PBXProject;
			attributes = {
				CLASSPREFIX = SB;
				LastUpgradeCheck = 0430;
				ORGANIZATIONNAME = "Simon Blommegård";
			};
			buildConfigurationList = F41CFC3D151E358A00B29FCE /* Build configuration list for PBXProject "SBFoundationDemo" */;
			compatibilityVersion = "Xcode 3.2";
			developmentRegion = English;
			hasScannedForEncodings = 0;
			knownRegions = (
				en,
			);
			mainGroup = F41CFC38151E358A00B29FCE;
			productRefGroup = F41CFC44151E358A00B29FCE /* Products */;
			projectDirPath = "";
			projectRoot = "";
			targets = (
				F41CFC42151E358A00B29FCE /* SBFoundationDemo */,
			);
		};
/* End PBXProject section */

/* Begin PBXResourcesBuildPhase section */
		F41CFC41151E358A00B29FCE /* Resources */ = {
			isa = PBXResourcesBuildPhase;
			buildActionMask = 2147483647;
			files = (
				F41CFC52151E358A00B29FCE /* InfoPlist.strings in Resources */,
				F41CFC76151E3C2200B29FCE /* SBMain.xib in Resources */,
			);
			runOnlyForDeploymentPostprocessing = 0;
		};
/* End PBXResourcesBuildPhase section */

/* Begin PBXSourcesBuildPhase section */
		F41CFC3F151E358A00B29FCE /* Sources */ = {
			isa = PBXSourcesBuildPhase;
			buildActionMask = 2147483647;
			files = (
				F41CFC54151E358A00B29FCE /* main.m in Sources */,
				F41CFC58151E358A00B29FCE /* SBAppDelegate.m in Sources */,
				F41CFC7C151E3D0700B29FCE /* SBDemoViewController.m in Sources */,
			);
			runOnlyForDeploymentPostprocessing = 0;
		};
/* End PBXSourcesBuildPhase section */

/* Begin PBXVariantGroup section */
		F41CFC50151E358A00B29FCE /* InfoPlist.strings */ = {
			isa = PBXVariantGroup;
			children = (
				F41CFC51151E358A00B29FCE /* en */,
			);
			name = InfoPlist.strings;
			sourceTree = "<group>";
		};
/* End PBXVariantGroup section */

/* Begin XCBuildConfiguration section */
		F41CFC59151E358A00B29FCE /* Debug */ = {
			isa = XCBuildConfiguration;
			buildSettings = {
				ALWAYS_SEARCH_USER_PATHS = NO;
				ARCHS = "$(ARCHS_STANDARD_32_BIT)";
				CLANG_ENABLE_OBJC_ARC = YES;
				"CODE_SIGN_IDENTITY[sdk=iphoneos*]" = "iPhone Developer";
				COPY_PHASE_STRIP = NO;
				GCC_C_LANGUAGE_STANDARD = gnu99;
				GCC_DYNAMIC_NO_PIC = NO;
				GCC_OPTIMIZATION_LEVEL = 0;
				GCC_PREPROCESSOR_DEFINITIONS = (
					"DEBUG=1",
					"$(inherited)",
				);
				GCC_SYMBOLS_PRIVATE_EXTERN = NO;
				GCC_VERSION = com.apple.compilers.llvm.clang.1_0;
				GCC_WARN_ABOUT_RETURN_TYPE = YES;
				GCC_WARN_UNINITIALIZED_AUTOS = YES;
				GCC_WARN_UNUSED_VARIABLE = YES;
				IPHONEOS_DEPLOYMENT_TARGET = 5.1;
				SDKROOT = iphoneos;
			};
			name = Debug;
		};
		F41CFC5A151E358A00B29FCE /* Release */ = {
			isa = XCBuildConfiguration;
			buildSettings = {
				ALWAYS_SEARCH_USER_PATHS = NO;
				ARCHS = "$(ARCHS_STANDARD_32_BIT)";
				CLANG_ENABLE_OBJC_ARC = YES;
				"CODE_SIGN_IDENTITY[sdk=iphoneos*]" = "iPhone Developer";
				COPY_PHASE_STRIP = YES;
				GCC_C_LANGUAGE_STANDARD = gnu99;
				GCC_VERSION = com.apple.compilers.llvm.clang.1_0;
				GCC_WARN_ABOUT_RETURN_TYPE = YES;
				GCC_WARN_UNINITIALIZED_AUTOS = YES;
				GCC_WARN_UNUSED_VARIABLE = YES;
				IPHONEOS_DEPLOYMENT_TARGET = 5.1;
				OTHER_CFLAGS = "-DNS_BLOCK_ASSERTIONS=1";
				SDKROOT = iphoneos;
				VALIDATE_PRODUCT = YES;
			};
			name = Release;
		};
		F41CFC5C151E358A00B29FCE /* Debug */ = {
			isa = XCBuildConfiguration;
			buildSettings = {
				FRAMEWORK_SEARCH_PATHS = (
					"$(inherited)",
					"\"$(SRCROOT)/../../../Library/Developer/Xcode/DerivedData/SBFoundation-bdxmzqzuloilgfhesfxwsvxbstkg/Build/Products/Debug-iphoneos\"",
				);
				GCC_PRECOMPILE_PREFIX_HEADER = YES;
				GCC_PREFIX_HEADER = "SBFoundationDemo/SBFoundationDemo-Prefix.pch";
				INFOPLIST_FILE = "SBFoundationDemo/SBFoundationDemo-Info.plist";
				OTHER_LDFLAGS = (
					"-all_load",
					"-ObjC",
				);
				PRODUCT_NAME = "$(TARGET_NAME)";
				WRAPPER_EXTENSION = app;
			};
			name = Debug;
		};
		F41CFC5D151E358A00B29FCE /* Release */ = {
			isa = XCBuildConfiguration;
			buildSettings = {
				FRAMEWORK_SEARCH_PATHS = (
					"$(inherited)",
					"\"$(SRCROOT)/../../../Library/Developer/Xcode/DerivedData/SBFoundation-bdxmzqzuloilgfhesfxwsvxbstkg/Build/Products/Debug-iphoneos\"",
				);
				GCC_PRECOMPILE_PREFIX_HEADER = YES;
				GCC_PREFIX_HEADER = "SBFoundationDemo/SBFoundationDemo-Prefix.pch";
				INFOPLIST_FILE = "SBFoundationDemo/SBFoundationDemo-Info.plist";
				OTHER_LDFLAGS = (
					"-all_load",
					"-ObjC",
				);
				PRODUCT_NAME = "$(TARGET_NAME)";
				WRAPPER_EXTENSION = app;
			};
			name = Release;
		};
/* End XCBuildConfiguration section */

/* Begin XCConfigurationList section */
		F41CFC3D151E358A00B29FCE /* Build configuration list for PBXProject "SBFoundationDemo" */ = {
			isa = XCConfigurationList;
			buildConfigurations = (
				F41CFC59151E358A00B29FCE /* Debug */,
				F41CFC5A151E358A00B29FCE /* Release */,
			);
			defaultConfigurationIsVisible = 0;
			defaultConfigurationName = Release;
		};
		F41CFC5B151E358A00B29FCE /* Build configuration list for PBXNativeTarget "SBFoundationDemo" */ = {
			isa = XCConfigurationList;
			buildConfigurations = (
				F41CFC5C151E358A00B29FCE /* Debug */,
				F41CFC5D151E358A00B29FCE /* Release */,
			);
			defaultConfigurationIsVisible = 0;
			defaultConfigurationName = Release;
		};
/* End XCConfigurationList section */
	};
	rootObject = F41CFC3A151E358A00B29FCE /* Project object */;
}
