// !$*UTF8*$!
{
	archiveVersion = 1;
	classes = {
	};
	objectVersion = 46;
	objects = {

/* Begin PBXBuildFile section */
		F429554B155B02950063B2E6 /* SBTableViewCell.h in Headers */ = {isa = PBXBuildFile; fileRef = F4295549155B02950063B2E6 /* SBTableViewCell.h */; settings = {ATTRIBUTES = (Public, ); }; };
		F429554C155B02950063B2E6 /* SBTableViewCell.m in Sources */ = {isa = PBXBuildFile; fileRef = F429554A155B02950063B2E6 /* SBTableViewCell.m */; };
		F429555D155B05A90063B2E6 /* SBBlockDrawView.h in Headers */ = {isa = PBXBuildFile; fileRef = F429555B155B05A90063B2E6 /* SBBlockDrawView.h */; settings = {ATTRIBUTES = (Public, ); }; };
		F429555E155B05A90063B2E6 /* SBBlockDrawView.m in Sources */ = {isa = PBXBuildFile; fileRef = F429555C155B05A90063B2E6 /* SBBlockDrawView.m */; };
		F4840EF4155184300007EA8E /* MAKVONotificationCenter.h in Headers */ = {isa = PBXBuildFile; fileRef = F4840EF2155184300007EA8E /* MAKVONotificationCenter.h */; settings = {ATTRIBUTES = (Public, ); }; };
		F4840EF5155184300007EA8E /* MAKVONotificationCenter.m in Sources */ = {isa = PBXBuildFile; fileRef = F4840EF3155184300007EA8E /* MAKVONotificationCenter.m */; };
		F48F2A4B158F5597001B60DF /* SBKeychain.h in Headers */ = {isa = PBXBuildFile; fileRef = F48F2A49158F5597001B60DF /* SBKeychain.h */; settings = {ATTRIBUTES = (Public, ); }; };
		F48F2A4C158F5597001B60DF /* SBKeychain.m in Sources */ = {isa = PBXBuildFile; fileRef = F48F2A4A158F5597001B60DF /* SBKeychain.m */; };
		F4B917151541AEB10095DCF0 /* Foundation.framework in Frameworks */ = {isa = PBXBuildFile; fileRef = F4821950151E3379003C7687 /* Foundation.framework */; };
		F4B9171F1541AF410095DCF0 /* SBFoundation.h in Headers */ = {isa = PBXBuildFile; fileRef = F482195E151E3391003C7687 /* SBFoundation.h */; settings = {ATTRIBUTES = (Public, ); }; };
		F4B917201541AF450095DCF0 /* SBLog.h in Headers */ = {isa = PBXBuildFile; fileRef = F41CFC82151E5D5400B29FCE /* SBLog.h */; settings = {ATTRIBUTES = (Public, ); }; };
		F4B917211541AF470095DCF0 /* SBDrawingHelpers.h in Headers */ = {isa = PBXBuildFile; fileRef = F41CFC99151E75EA00B29FCE /* SBDrawingHelpers.h */; settings = {ATTRIBUTES = (Public, ); }; };
		F4B917221541AF4B0095DCF0 /* NSString+SBExtras.h in Headers */ = {isa = PBXBuildFile; fileRef = F4482FF51520FA76002549BB /* NSString+SBExtras.h */; settings = {ATTRIBUTES = (Public, ); }; };
		F4B917231541AF4D0095DCF0 /* NSArray+SBExtras.h in Headers */ = {isa = PBXBuildFile; fileRef = F41CFC86151E60B600B29FCE /* NSArray+SBExtras.h */; settings = {ATTRIBUTES = (Public, ); }; };
		F4B917241541AF510095DCF0 /* NSObject+SBExtras.h in Headers */ = {isa = PBXBuildFile; fileRef = F41CFC8A151E61EE00B29FCE /* NSObject+SBExtras.h */; settings = {ATTRIBUTES = (Public, ); }; };
		F4B917251541AF530095DCF0 /* UITableView+SBExtras.h in Headers */ = {isa = PBXBuildFile; fileRef = F41CFC91151E715C00B29FCE /* UITableView+SBExtras.h */; settings = {ATTRIBUTES = (Public, ); }; };
		F4B917261541AF540095DCF0 /* UIView+SBExtras.h in Headers */ = {isa = PBXBuildFile; fileRef = F41CFC95151E722100B29FCE /* UIView+SBExtras.h */; settings = {ATTRIBUTES = (Public, ); }; };
		F4B917271541AF570095DCF0 /* SBNetworkActivityIndicatorQueue.h in Headers */ = {isa = PBXBuildFile; fileRef = F41CFC9E151E7C9900B29FCE /* SBNetworkActivityIndicatorQueue.h */; settings = {ATTRIBUTES = (Public, ); }; };
		F4B9172A1541AF620095DCF0 /* SBNetworkActivityIndicatorQueue.m in Sources */ = {isa = PBXBuildFile; fileRef = F41CFC9F151E7C9900B29FCE /* SBNetworkActivityIndicatorQueue.m */; };
		F4B9172B1541AF640095DCF0 /* NSString+SBExtras.m in Sources */ = {isa = PBXBuildFile; fileRef = F4482FF61520FA76002549BB /* NSString+SBExtras.m */; };
		F4B9172C1541AF660095DCF0 /* NSArray+SBExtras.m in Sources */ = {isa = PBXBuildFile; fileRef = F41CFC87151E60B600B29FCE /* NSArray+SBExtras.m */; };
		F4B9172D1541AF680095DCF0 /* NSObject+SBExtras.m in Sources */ = {isa = PBXBuildFile; fileRef = F41CFC8B151E61EE00B29FCE /* NSObject+SBExtras.m */; };
		F4B9172E1541AF780095DCF0 /* UITableView+SBExtras.m in Sources */ = {isa = PBXBuildFile; fileRef = F41CFC92151E715C00B29FCE /* UITableView+SBExtras.m */; };
		F4B9172F1541AF7A0095DCF0 /* UIView+SBExtras.m in Sources */ = {isa = PBXBuildFile; fileRef = F41CFC96151E722100B29FCE /* UIView+SBExtras.m */; };
		F4B917301541AF7C0095DCF0 /* SBLog.m in Sources */ = {isa = PBXBuildFile; fileRef = F41CFC83151E5D5400B29FCE /* SBLog.m */; };
		F4B917311541AF7E0095DCF0 /* SBDrawingHelpers.m in Sources */ = {isa = PBXBuildFile; fileRef = F41CFC9A151E75EA00B29FCE /* SBDrawingHelpers.m */; };
		F4B917401541B2AE0095DCF0 /* NSAttributedString+SBExtras.h in Headers */ = {isa = PBXBuildFile; fileRef = F4B9173E1541B2AE0095DCF0 /* NSAttributedString+SBExtras.h */; settings = {ATTRIBUTES = (Public, ); }; };
		F4B917411541B2AE0095DCF0 /* NSAttributedString+SBExtras.m in Sources */ = {isa = PBXBuildFile; fileRef = F4B9173F1541B2AE0095DCF0 /* NSAttributedString+SBExtras.m */; };
/* End PBXBuildFile section */

/* Begin PBXFileReference section */
		F41CFC82151E5D5400B29FCE /* SBLog.h */ = {isa = PBXFileReference; fileEncoding = 4; lastKnownFileType = sourcecode.c.h; path = SBLog.h; sourceTree = "<group>"; };
		F41CFC83151E5D5400B29FCE /* SBLog.m */ = {isa = PBXFileReference; fileEncoding = 4; lastKnownFileType = sourcecode.c.objc; path = SBLog.m; sourceTree = "<group>"; };
		F41CFC86151E60B600B29FCE /* NSArray+SBExtras.h */ = {isa = PBXFileReference; fileEncoding = 4; lastKnownFileType = sourcecode.c.h; path = "NSArray+SBExtras.h"; sourceTree = "<group>"; };
		F41CFC87151E60B600B29FCE /* NSArray+SBExtras.m */ = {isa = PBXFileReference; fileEncoding = 4; lastKnownFileType = sourcecode.c.objc; path = "NSArray+SBExtras.m"; sourceTree = "<group>"; };
		F41CFC8A151E61EE00B29FCE /* NSObject+SBExtras.h */ = {isa = PBXFileReference; fileEncoding = 4; lastKnownFileType = sourcecode.c.h; path = "NSObject+SBExtras.h"; sourceTree = "<group>"; };
		F41CFC8B151E61EE00B29FCE /* NSObject+SBExtras.m */ = {isa = PBXFileReference; fileEncoding = 4; lastKnownFileType = sourcecode.c.objc; path = "NSObject+SBExtras.m"; sourceTree = "<group>"; };
		F41CFC91151E715C00B29FCE /* UITableView+SBExtras.h */ = {isa = PBXFileReference; fileEncoding = 4; lastKnownFileType = sourcecode.c.h; path = "UITableView+SBExtras.h"; sourceTree = "<group>"; };
		F41CFC92151E715C00B29FCE /* UITableView+SBExtras.m */ = {isa = PBXFileReference; fileEncoding = 4; lastKnownFileType = sourcecode.c.objc; path = "UITableView+SBExtras.m"; sourceTree = "<group>"; };
		F41CFC95151E722100B29FCE /* UIView+SBExtras.h */ = {isa = PBXFileReference; fileEncoding = 4; lastKnownFileType = sourcecode.c.h; path = "UIView+SBExtras.h"; sourceTree = "<group>"; };
		F41CFC96151E722100B29FCE /* UIView+SBExtras.m */ = {isa = PBXFileReference; fileEncoding = 4; lastKnownFileType = sourcecode.c.objc; path = "UIView+SBExtras.m"; sourceTree = "<group>"; };
		F41CFC99151E75EA00B29FCE /* SBDrawingHelpers.h */ = {isa = PBXFileReference; fileEncoding = 4; lastKnownFileType = sourcecode.c.h; path = SBDrawingHelpers.h; sourceTree = "<group>"; };
		F41CFC9A151E75EA00B29FCE /* SBDrawingHelpers.m */ = {isa = PBXFileReference; fileEncoding = 4; lastKnownFileType = sourcecode.c.objc; path = SBDrawingHelpers.m; sourceTree = "<group>"; };
		F41CFC9E151E7C9900B29FCE /* SBNetworkActivityIndicatorQueue.h */ = {isa = PBXFileReference; fileEncoding = 4; lastKnownFileType = sourcecode.c.h; path = SBNetworkActivityIndicatorQueue.h; sourceTree = "<group>"; };
		F41CFC9F151E7C9900B29FCE /* SBNetworkActivityIndicatorQueue.m */ = {isa = PBXFileReference; fileEncoding = 4; lastKnownFileType = sourcecode.c.objc; path = SBNetworkActivityIndicatorQueue.m; sourceTree = "<group>"; };
		F4295549155B02950063B2E6 /* SBTableViewCell.h */ = {isa = PBXFileReference; fileEncoding = 4; lastKnownFileType = sourcecode.c.h; path = SBTableViewCell.h; sourceTree = "<group>"; };
		F429554A155B02950063B2E6 /* SBTableViewCell.m */ = {isa = PBXFileReference; fileEncoding = 4; lastKnownFileType = sourcecode.c.objc; path = SBTableViewCell.m; sourceTree = "<group>"; };
		F429555B155B05A90063B2E6 /* SBBlockDrawView.h */ = {isa = PBXFileReference; fileEncoding = 4; lastKnownFileType = sourcecode.c.h; path = SBBlockDrawView.h; sourceTree = "<group>"; };
		F429555C155B05A90063B2E6 /* SBBlockDrawView.m */ = {isa = PBXFileReference; fileEncoding = 4; lastKnownFileType = sourcecode.c.objc; path = SBBlockDrawView.m; sourceTree = "<group>"; };
		F4482FF51520FA76002549BB /* NSString+SBExtras.h */ = {isa = PBXFileReference; fileEncoding = 4; lastKnownFileType = sourcecode.c.h; path = "NSString+SBExtras.h"; sourceTree = "<group>"; };
		F4482FF61520FA76002549BB /* NSString+SBExtras.m */ = {isa = PBXFileReference; fileEncoding = 4; lastKnownFileType = sourcecode.c.objc; path = "NSString+SBExtras.m"; sourceTree = "<group>"; };
		F4821950151E3379003C7687 /* Foundation.framework */ = {isa = PBXFileReference; lastKnownFileType = wrapper.framework; name = Foundation.framework; path = System/Library/Frameworks/Foundation.framework; sourceTree = SDKROOT; };
		F4821954151E3379003C7687 /* SBFoundation-Info.plist */ = {isa = PBXFileReference; lastKnownFileType = text.plist.xml; path = "SBFoundation-Info.plist"; sourceTree = "<group>"; };
		F4821956151E3379003C7687 /* en */ = {isa = PBXFileReference; lastKnownFileType = text.plist.strings; name = en; path = en.lproj/InfoPlist.strings; sourceTree = "<group>"; };
		F4821958151E3379003C7687 /* SBFoundation-Prefix.pch */ = {isa = PBXFileReference; lastKnownFileType = sourcecode.c.h; path = "SBFoundation-Prefix.pch"; sourceTree = "<group>"; };
		F482195E151E3391003C7687 /* SBFoundation.h */ = {isa = PBXFileReference; lastKnownFileType = sourcecode.c.h; path = SBFoundation.h; sourceTree = "<group>"; };
		F4840EF2155184300007EA8E /* MAKVONotificationCenter.h */ = {isa = PBXFileReference; fileEncoding = 4; lastKnownFileType = sourcecode.c.h; name = MAKVONotificationCenter.h; path = External/MAKVONotificationCenter/MAKVONotificationCenter.h; sourceTree = "<group>"; };
		F4840EF3155184300007EA8E /* MAKVONotificationCenter.m */ = {isa = PBXFileReference; fileEncoding = 4; lastKnownFileType = sourcecode.c.objc; name = MAKVONotificationCenter.m; path = External/MAKVONotificationCenter/MAKVONotificationCenter.m; sourceTree = "<group>"; };
		F48F2A49158F5597001B60DF /* SBKeychain.h */ = {isa = PBXFileReference; fileEncoding = 4; lastKnownFileType = sourcecode.c.h; path = SBKeychain.h; sourceTree = "<group>"; };
		F48F2A4A158F5597001B60DF /* SBKeychain.m */ = {isa = PBXFileReference; fileEncoding = 4; lastKnownFileType = sourcecode.c.objc; path = SBKeychain.m; sourceTree = "<group>"; };
		F4B917141541AEB10095DCF0 /* libSBFoundation.a */ = {isa = PBXFileReference; explicitFileType = archive.ar; includeInIndex = 0; path = libSBFoundation.a; sourceTree = BUILT_PRODUCTS_DIR; };
		F4B9173E1541B2AE0095DCF0 /* NSAttributedString+SBExtras.h */ = {isa = PBXFileReference; fileEncoding = 4; lastKnownFileType = sourcecode.c.h; path = "NSAttributedString+SBExtras.h"; sourceTree = "<group>"; };
		F4B9173F1541B2AE0095DCF0 /* NSAttributedString+SBExtras.m */ = {isa = PBXFileReference; fileEncoding = 4; lastKnownFileType = sourcecode.c.objc; path = "NSAttributedString+SBExtras.m"; sourceTree = "<group>"; };
/* End PBXFileReference section */

/* Begin PBXFrameworksBuildPhase section */
		F4B917111541AEB10095DCF0 /* Frameworks */ = {
			isa = PBXFrameworksBuildPhase;
			buildActionMask = 2147483647;
			files = (
				F4B917151541AEB10095DCF0 /* Foundation.framework in Frameworks */,
			);
			runOnlyForDeploymentPostprocessing = 0;
		};
/* End PBXFrameworksBuildPhase section */

/* Begin PBXGroup section */
		F41CFC81151E5BA400B29FCE /* Helpers */ = {
			isa = PBXGroup;
			children = (
				F41CFC82151E5D5400B29FCE /* SBLog.h */,
				F41CFC83151E5D5400B29FCE /* SBLog.m */,
				F41CFC99151E75EA00B29FCE /* SBDrawingHelpers.h */,
				F41CFC9A151E75EA00B29FCE /* SBDrawingHelpers.m */,
			);
			path = Helpers;
			sourceTree = "<group>";
		};
		F41CFC9D151E7C2400B29FCE /* Controllers */ = {
			isa = PBXGroup;
			children = (
				F41CFC9E151E7C9900B29FCE /* SBNetworkActivityIndicatorQueue.h */,
				F41CFC9F151E7C9900B29FCE /* SBNetworkActivityIndicatorQueue.m */,
				F48F2A49158F5597001B60DF /* SBKeychain.h */,
				F48F2A4A158F5597001B60DF /* SBKeychain.m */,
			);
			path = Controllers;
			sourceTree = "<group>";
		};
		F41CFCA2151E7E5500B29FCE /* External */ = {
			isa = PBXGroup;
			children = (
				F41CFCB4151E81BB00B29FCE /* MAKVONotificationCenter */,
			);
			name = External;
			sourceTree = "<group>";
		};
		F41CFCB4151E81BB00B29FCE /* MAKVONotificationCenter */ = {
			isa = PBXGroup;
			children = (
				F4840EF2155184300007EA8E /* MAKVONotificationCenter.h */,
				F4840EF3155184300007EA8E /* MAKVONotificationCenter.m */,
			);
			name = MAKVONotificationCenter;
			sourceTree = "<group>";
		};
		F4295547155B02810063B2E6 /* Views */ = {
			isa = PBXGroup;
			children = (
				F4295549155B02950063B2E6 /* SBTableViewCell.h */,
				F429554A155B02950063B2E6 /* SBTableViewCell.m */,
				F429555B155B05A90063B2E6 /* SBBlockDrawView.h */,
				F429555C155B05A90063B2E6 /* SBBlockDrawView.m */,
			);
			path = Views;
			sourceTree = "<group>";
		};
		F482193E151E3379003C7687 = {
			isa = PBXGroup;
			children = (
				F4821952151E3379003C7687 /* SBFoundation */,
				F482194F151E3379003C7687 /* Frameworks */,
				F482194E151E3379003C7687 /* Products */,
			);
			sourceTree = "<group>";
		};
		F482194E151E3379003C7687 /* Products */ = {
			isa = PBXGroup;
			children = (
				F4B917141541AEB10095DCF0 /* libSBFoundation.a */,
			);
			name = Products;
			sourceTree = "<group>";
		};
		F482194F151E3379003C7687 /* Frameworks */ = {
			isa = PBXGroup;
			children = (
				F4821950151E3379003C7687 /* Foundation.framework */,
			);
			name = Frameworks;
			sourceTree = "<group>";
		};
		F4821952151E3379003C7687 /* SBFoundation */ = {
			isa = PBXGroup;
			children = (
				F4295547155B02810063B2E6 /* Views */,
				F41CFCA2151E7E5500B29FCE /* External */,
				F41CFC9D151E7C2400B29FCE /* Controllers */,
				F482195F151E33A2003C7687 /* Categories */,
				F41CFC81151E5BA400B29FCE /* Helpers */,
				F4821953151E3379003C7687 /* Supporting Files */,
				F482195E151E3391003C7687 /* SBFoundation.h */,
			);
			path = SBFoundation;
			sourceTree = "<group>";
		};
		F4821953151E3379003C7687 /* Supporting Files */ = {
			isa = PBXGroup;
			children = (
				F4821954151E3379003C7687 /* SBFoundation-Info.plist */,
				F4821955151E3379003C7687 /* InfoPlist.strings */,
				F4821958151E3379003C7687 /* SBFoundation-Prefix.pch */,
			);
			name = "Supporting Files";
			sourceTree = "<group>";
		};
		F482195F151E33A2003C7687 /* Categories */ = {
			isa = PBXGroup;
			children = (
				F4482FF51520FA76002549BB /* NSString+SBExtras.h */,
				F4482FF61520FA76002549BB /* NSString+SBExtras.m */,
				F41CFC86151E60B600B29FCE /* NSArray+SBExtras.h */,
				F41CFC87151E60B600B29FCE /* NSArray+SBExtras.m */,
				F41CFC8A151E61EE00B29FCE /* NSObject+SBExtras.h */,
				F41CFC8B151E61EE00B29FCE /* NSObject+SBExtras.m */,
				F41CFC91151E715C00B29FCE /* UITableView+SBExtras.h */,
				F41CFC92151E715C00B29FCE /* UITableView+SBExtras.m */,
				F41CFC95151E722100B29FCE /* UIView+SBExtras.h */,
				F41CFC96151E722100B29FCE /* UIView+SBExtras.m */,
				F4B9173E1541B2AE0095DCF0 /* NSAttributedString+SBExtras.h */,
				F4B9173F1541B2AE0095DCF0 /* NSAttributedString+SBExtras.m */,
			);
			path = Categories;
			sourceTree = "<group>";
		};
/* End PBXGroup section */

/* Begin PBXHeadersBuildPhase section */
		F4B917121541AEB10095DCF0 /* Headers */ = {
			isa = PBXHeadersBuildPhase;
			buildActionMask = 2147483647;
			files = (
				F4B9171F1541AF410095DCF0 /* SBFoundation.h in Headers */,
				F4B917271541AF570095DCF0 /* SBNetworkActivityIndicatorQueue.h in Headers */,
				F4B917251541AF530095DCF0 /* UITableView+SBExtras.h in Headers */,
				F4B917211541AF470095DCF0 /* SBDrawingHelpers.h in Headers */,
				F4B917261541AF540095DCF0 /* UIView+SBExtras.h in Headers */,
				F4B917241541AF510095DCF0 /* NSObject+SBExtras.h in Headers */,
				F4B917221541AF4B0095DCF0 /* NSString+SBExtras.h in Headers */,
				F4B917231541AF4D0095DCF0 /* NSArray+SBExtras.h in Headers */,
				F4B917401541B2AE0095DCF0 /* NSAttributedString+SBExtras.h in Headers */,
				F4840EF4155184300007EA8E /* MAKVONotificationCenter.h in Headers */,
				F429554B155B02950063B2E6 /* SBTableViewCell.h in Headers */,
				F4B917201541AF450095DCF0 /* SBLog.h in Headers */,
				F48F2A4B158F5597001B60DF /* SBKeychain.h in Headers */,
				F429555D155B05A90063B2E6 /* SBBlockDrawView.h in Headers */,
			);
			runOnlyForDeploymentPostprocessing = 0;
		};
/* End PBXHeadersBuildPhase section */

/* Begin PBXNativeTarget section */
		F4B917131541AEB10095DCF0 /* SBFoundation */ = {
			isa = PBXNativeTarget;
			buildConfigurationList = F4B9171C1541AEB10095DCF0 /* Build configuration list for PBXNativeTarget "SBFoundation" */;
			buildPhases = (
				F4B917101541AEB10095DCF0 /* Sources */,
				F4B917111541AEB10095DCF0 /* Frameworks */,
				F4B917121541AEB10095DCF0 /* Headers */,
			);
			buildRules = (
			);
			dependencies = (
			);
			name = SBFoundation;
			productName = SBFoundation;
			productReference = F4B917141541AEB10095DCF0 /* libSBFoundation.a */;
			productType = "com.apple.product-type.library.static";
		};
/* End PBXNativeTarget section */

/* Begin PBXProject section */
		F4821940151E3379003C7687 /* Project object */ = {
			isa = PBXProject;
			attributes = {
				CLASSPREFIX = SB;
				LastUpgradeCheck = 0450;
				ORGANIZATIONNAME = "Simon Blommegård";
			};
			buildConfigurationList = F4821943151E3379003C7687 /* Build configuration list for PBXProject "SBFoundation" */;
			compatibilityVersion = "Xcode 3.2";
			developmentRegion = English;
			hasScannedForEncodings = 0;
			knownRegions = (
				en,
			);
			mainGroup = F482193E151E3379003C7687;
			productRefGroup = F482194E151E3379003C7687 /* Products */;
			projectDirPath = "";
			projectRoot = "";
			targets = (
				F4B917131541AEB10095DCF0 /* SBFoundation */,
			);
		};
/* End PBXProject section */

/* Begin PBXSourcesBuildPhase section */
		F4B917101541AEB10095DCF0 /* Sources */ = {
			isa = PBXSourcesBuildPhase;
			buildActionMask = 2147483647;
			files = (
				F4B9172A1541AF620095DCF0 /* SBNetworkActivityIndicatorQueue.m in Sources */,
				F4B9172B1541AF640095DCF0 /* NSString+SBExtras.m in Sources */,
				F4B9172C1541AF660095DCF0 /* NSArray+SBExtras.m in Sources */,
				F4B9172F1541AF7A0095DCF0 /* UIView+SBExtras.m in Sources */,
				F4B917301541AF7C0095DCF0 /* SBLog.m in Sources */,
				F4B917311541AF7E0095DCF0 /* SBDrawingHelpers.m in Sources */,
				F4B9172E1541AF780095DCF0 /* UITableView+SBExtras.m in Sources */,
				F4B9172D1541AF680095DCF0 /* NSObject+SBExtras.m in Sources */,
				F4B917411541B2AE0095DCF0 /* NSAttributedString+SBExtras.m in Sources */,
				F4840EF5155184300007EA8E /* MAKVONotificationCenter.m in Sources */,
				F429554C155B02950063B2E6 /* SBTableViewCell.m in Sources */,
				F429555E155B05A90063B2E6 /* SBBlockDrawView.m in Sources */,
				F48F2A4C158F5597001B60DF /* SBKeychain.m in Sources */,
			);
			runOnlyForDeploymentPostprocessing = 0;
		};
/* End PBXSourcesBuildPhase section */

/* Begin PBXVariantGroup section */
		F4821955151E3379003C7687 /* InfoPlist.strings */ = {
			isa = PBXVariantGroup;
			children = (
				F4821956151E3379003C7687 /* en */,
			);
			name = InfoPlist.strings;
			sourceTree = "<group>";
		};
/* End PBXVariantGroup section */

/* Begin XCBuildConfiguration section */
		F4821959151E3379003C7687 /* Debug */ = {
			isa = XCBuildConfiguration;
			buildSettings = {
				ALWAYS_SEARCH_USER_PATHS = NO;
				ARCHS = "$(ARCHS_STANDARD_32_BIT)";
				CLANG_ENABLE_OBJC_ARC = YES;
				COPY_PHASE_STRIP = NO;
				GCC_C_LANGUAGE_STANDARD = gnu99;
				GCC_DYNAMIC_NO_PIC = NO;
				GCC_OPTIMIZATION_LEVEL = 0;
				GCC_PREPROCESSOR_DEFINITIONS = (
					"DEBUG=1",
					"$(inherited)",
				);
				GCC_SYMBOLS_PRIVATE_EXTERN = NO;
				GCC_VERSION = com.apple.compilers.llvm.clang.1_0;
				GCC_WARN_ABOUT_RETURN_TYPE = YES;
				GCC_WARN_UNINITIALIZED_AUTOS = YES;
				GCC_WARN_UNUSED_VARIABLE = YES;
				IPHONEOS_DEPLOYMENT_TARGET = 5.1;
				SDKROOT = iphoneos;
			};
			name = Debug;
		};
		F482195A151E3379003C7687 /* Release */ = {
			isa = XCBuildConfiguration;
			buildSettings = {
				ALWAYS_SEARCH_USER_PATHS = NO;
				ARCHS = "$(ARCHS_STANDARD_32_BIT)";
				CLANG_ENABLE_OBJC_ARC = YES;
				COPY_PHASE_STRIP = YES;
				GCC_C_LANGUAGE_STANDARD = gnu99;
				GCC_VERSION = com.apple.compilers.llvm.clang.1_0;
				GCC_WARN_ABOUT_RETURN_TYPE = YES;
				GCC_WARN_UNINITIALIZED_AUTOS = YES;
				GCC_WARN_UNUSED_VARIABLE = YES;
				IPHONEOS_DEPLOYMENT_TARGET = 5.1;
				SDKROOT = iphoneos;
				VALIDATE_PRODUCT = YES;
			};
			name = Release;
		};
		F4B9171D1541AEB10095DCF0 /* Debug */ = {
			isa = XCBuildConfiguration;
			buildSettings = {
				ARCHS = (
					armv7,
					armv6,
				);
				DSTROOT = /tmp/SBFoundation.dst;
				GCC_PRECOMPILE_PREFIX_HEADER = YES;
				GCC_PREFIX_HEADER = "SBFoundation/SBFoundation-Prefix.pch";
				GCC_THUMB_SUPPORT = NO;
				OTHER_LDFLAGS = "-ObjC";
				PRODUCT_NAME = "$(TARGET_NAME)";
				PUBLIC_HEADERS_FOLDER_PATH = "include/$(TARGET_NAME)";
				SKIP_INSTALL = YES;
			};
			name = Debug;
		};
		F4B9171E1541AEB10095DCF0 /* Release */ = {
			isa = XCBuildConfiguration;
			buildSettings = {
				ARCHS = (
					armv7,
					armv6,
				);
				DSTROOT = /tmp/SBFoundation.dst;
				GCC_PRECOMPILE_PREFIX_HEADER = YES;
				GCC_PREFIX_HEADER = "SBFoundation/SBFoundation-Prefix.pch";
				GCC_THUMB_SUPPORT = NO;
				OTHER_LDFLAGS = "-ObjC";
				PRODUCT_NAME = "$(TARGET_NAME)";
				PUBLIC_HEADERS_FOLDER_PATH = "include/$(TARGET_NAME)";
				SKIP_INSTALL = YES;
			};
			name = Release;
		};
/* End XCBuildConfiguration section */

/* Begin XCConfigurationList section */
		F4821943151E3379003C7687 /* Build configuration list for PBXProject "SBFoundation" */ = {
			isa = XCConfigurationList;
			buildConfigurations = (
				F4821959151E3379003C7687 /* Debug */,
				F482195A151E3379003C7687 /* Release */,
			);
			defaultConfigurationIsVisible = 0;
			defaultConfigurationName = Release;
		};
		F4B9171C1541AEB10095DCF0 /* Build configuration list for PBXNativeTarget "SBFoundation" */ = {
			isa = XCConfigurationList;
			buildConfigurations = (
				F4B9171D1541AEB10095DCF0 /* Debug */,
				F4B9171E1541AEB10095DCF0 /* Release */,
			);
			defaultConfigurationIsVisible = 0;
			defaultConfigurationName = Release;
		};
/* End XCConfigurationList section */
	};
	rootObject = F4821940151E3379003C7687 /* Project object */;
}
